
Microsoft Visual Studio Solution File, Format Version 12.00
# Visual Studio Version 17
VisualStudioVersion = 17.1.32328.378
MinimumVisualStudioVersion = 10.0.40219.1
Project("{FAE04EC0-301F-11D3-BF4B-00C04F79EFBC}") = "clase de repaso1", "..\..\source\repos\clase de repaso1\clase de repaso1\clase de repaso1.csproj", "{64FF3E7A-268B-4160-900D-2DC4FC705CA3}"
EndProject
Global
	GlobalSection(SolutionConfigurationPlatforms) = preSolution
		Debug|Any CPU = Debug|Any CPU
		Release|Any CPU = Release|Any CPU
	EndGlobalSection
	GlobalSection(ProjectConfigurationPlatforms) = postSolution
		{64FF3E7A-268B-4160-900D-2DC4FC705CA3}.Debug|Any CPU.ActiveCfg = Debug|Any CPU
		{64FF3E7A-268B-4160-900D-2DC4FC705CA3}.Debug|Any CPU.Build.0 = Debug|Any CPU
		{64FF3E7A-268B-4160-900D-2DC4FC705CA3}.Release|Any CPU.ActiveCfg = Release|Any CPU
		{64FF3E7A-268B-4160-900D-2DC4FC705CA3}.Release|Any CPU.Build.0 = Release|Any CPU
	EndGlobalSection
	GlobalSection(SolutionProperties) = preSolution
		HideSolutionNode = FALSE
	EndGlobalSection
	GlobalSection(ExtensibilityGlobals) = postSolution
		SolutionGuid = {EE84B7FE-66A6-441B-B4B2-E80EF4DEEB7B}
	EndGlobalSection
EndGlobal
